{
    "_readme": [
        "This file locks the dependencies of your project to a known state",
        "Read more about it at https://getcomposer.org/doc/01-basic-usage.md#installing-dependencies",
        "This file is @generated automatically"
    ],
    "content-hash": "24077b521168ea9507bb493861c77bdb",
    "packages": [
        {
            "name": "akirk/wp-app",
            "version": "1.2.7",
            "dist": {
                "type": "path",
                "url": "/home/alex/wp-app",
                "reference": "9c8a3febd4b8e91c97a55b1916ce5accd1285955"
            },
            "require": {
                "php": ">=7.4"
            },
            "require-dev": {
                "phpunit/phpunit": "^9.0",
                "squizlabs/php_codesniffer": "^3.7",
                "wp-coding-standards/wpcs": "^3.0"
            },
            "type": "library",
            "autoload": {
                "files": [
                    "src/class-registry.php",
                    "src/class-settings.php",
                    "src/class-router.php",
                    "src/class-masterbar.php",
                    "src/class-wpapp.php",
                    "src/class-client-encrypted-fields.php",
                    "src/BaseStorage.php",
                    "src/abstract-baseapp.php",
                    "src/functions.php"
                ]
            },
            "autoload-dev": {
                "psr-4": {
                    "WpApp\\Tests\\": "tests/"
                }
            },
            "scripts": {
                "test": [
                    "phpunit"
                ],
                "phpcs": [
                    "phpcs"
                ],
                "phpcbf": [
                    "phpcbf"
                ]
            },
            "license": [
                "GPL-2.0-or-later"
            ],
            "authors": [
                {
                    "name": "Alex Kirk"
                }
            ],
            "description": "A lightweight framework for building web applications on WordPress with routing, admin bar integration, and theme isolation",
            "transport-options": {
                "symlink": true,
                "relative": false
            }
        }
    ],
    "packages-dev": [],
    "aliases": [],
    "minimum-stability": "stable",
    "stability-flags": {},
    "prefer-stable": false,
    "prefer-lowest": false,
    "platform": {
        "php": ">=7.4"
    },
    "platform-dev": {},
    "plugin-api-version": "2.9.0"
}
